
Microsoft Visual Studio Solution File, Format Version 12.00
# Visual Studio Version 17
VisualStudioVersion = 17.1.32120.378
MinimumVisualStudioVersion = 10.0.40219.1
Project("{FAE04EC0-301F-11D3-BF4B-00C04F79EFBC}") = "Mvc5_reCAPTCHA", "Mvc5_reCAPTCHA\Mvc5_reCAPTCHA.csproj", "{C70A5FBA-B5D3-4778-B911-F3A51B75D47B}"
EndProject
Global
	GlobalSection(SolutionConfigurationPlatforms) = preSolution
		Debug|Any CPU = Debug|Any CPU
		Release|Any CPU = Release|Any CPU
	EndGlobalSection
	GlobalSection(ProjectConfigurationPlatforms) = postSolution
		{C70A5FBA-B5D3-4778-B911-F3A51B75D47B}.Debug|Any CPU.ActiveCfg = Debug|Any CPU
		{C70A5FBA-B5D3-4778-B911-F3A51B75D47B}.Debug|Any CPU.Build.0 = Debug|Any CPU
		{C70A5FBA-B5D3-4778-B911-F3A51B75D47B}.Release|Any CPU.ActiveCfg = Release|Any CPU
		{C70A5FBA-B5D3-4778-B911-F3A51B75D47B}.Release|Any CPU.Build.0 = Release|Any CPU
	EndGlobalSection
	GlobalSection(SolutionProperties) = preSolution
		HideSolutionNode = FALSE
	EndGlobalSection
	GlobalSection(ExtensibilityGlobals) = postSolution
		SolutionGuid = {C985E44C-8890-4F56-99F1-0D68190BC1F9}
	EndGlobalSection
EndGlobal
